
Microsoft Visual Studio Solution File, Format Version 12.00
# Visual Studio Version 17
VisualStudioVersion = 17.4.33213.308
MinimumVisualStudioVersion = 10.0.40219.1
Project("{9A19103F-16F7-4668-BE54-9A1E7A4F7556}") = "JP", "JP\JP.csproj", "{980F7491-F0B8-41CA-BDA2-3A6607C883DE}"
EndProject
Global
	GlobalSection(SolutionConfigurationPlatforms) = preSolution
		Debug|Any CPU = Debug|Any CPU
		Release|Any CPU = Release|Any CPU
	EndGlobalSection
	GlobalSection(ProjectConfigurationPlatforms) = postSolution
		{980F7491-F0B8-41CA-BDA2-3A6607C883DE}.Debug|Any CPU.ActiveCfg = Debug|Any CPU
		{980F7491-F0B8-41CA-BDA2-3A6607C883DE}.Debug|Any CPU.Build.0 = Debug|Any CPU
		{980F7491-F0B8-41CA-BDA2-3A6607C883DE}.Release|Any CPU.ActiveCfg = Release|Any CPU
		{980F7491-F0B8-41CA-BDA2-3A6607C883DE}.Release|Any CPU.Build.0 = Release|Any CPU
	EndGlobalSection
	GlobalSection(SolutionProperties) = preSolution
		HideSolutionNode = FALSE
	EndGlobalSection
	GlobalSection(ExtensibilityGlobals) = postSolution
		SolutionGuid = {66620A2B-CE1A-4CF8-A3C2-82E41B60B8D5}
	EndGlobalSection
EndGlobal
